
Microsoft Visual Studio Solution File, Format Version 12.00
# Visual Studio Version 17
VisualStudioVersion = 17.1.32421.90
MinimumVisualStudioVersion = 10.0.40219.1
Project("{8BC9CEB8-8B4A-11D0-8D11-00A0C91BC942}") = "Simple Snake Game", "Simple Snake Game\Simple Snake Game.vcxproj", "{CF69A1BC-ADAD-4FEF-9376-64A69A33032A}"
EndProject
Global
	GlobalSection(SolutionConfigurationPlatforms) = preSolution
		Debug|x64 = Debug|x64
		Debug|x86 = Debug|x86
		Release|x64 = Release|x64
		Release|x86 = Release|x86
	EndGlobalSection
	GlobalSection(ProjectConfigurationPlatforms) = postSolution
		{CF69A1BC-ADAD-4FEF-9376-64A69A33032A}.Debug|x64.ActiveCfg = Debug|x64
		{CF69A1BC-ADAD-4FEF-9376-64A69A33032A}.Debug|x64.Build.0 = Debug|x64
		{CF69A1BC-ADAD-4FEF-9376-64A69A33032A}.Debug|x86.ActiveCfg = Debug|Win32
		{CF69A1BC-ADAD-4FEF-9376-64A69A33032A}.Debug|x86.Build.0 = Debug|Win32
		{CF69A1BC-ADAD-4FEF-9376-64A69A33032A}.Release|x64.ActiveCfg = Release|x64
		{CF69A1BC-ADAD-4FEF-9376-64A69A33032A}.Release|x64.Build.0 = Release|x64
		{CF69A1BC-ADAD-4FEF-9376-64A69A33032A}.Release|x86.ActiveCfg = Release|Win32
		{CF69A1BC-ADAD-4FEF-9376-64A69A33032A}.Release|x86.Build.0 = Release|Win32
	EndGlobalSection
	GlobalSection(SolutionProperties) = preSolution
		HideSolutionNode = FALSE
	EndGlobalSection
	GlobalSection(ExtensibilityGlobals) = postSolution
		SolutionGuid = {0094F59A-C3CA-49A9-B2F9-537D9DF31800}
	EndGlobalSection
EndGlobal
